{
    ["linux|x86_64"] = {
        ["ca-certificates#f56260b5"] = {
            repo = {
                branch = "master",
                commit = "75c3fcffb897a8aeb37863c495b9f58266216b26",
                url = "https://gitlab.com/tboox/xmake-repo.git"
            },
            version = "20250131"
        },
        ["cairo#f56260b5"] = {
            repo = {
                branch = "master",
                commit = "75c3fcffb897a8aeb37863c495b9f58266216b26",
                url = "https://gitlab.com/tboox/xmake-repo.git"
            },
            version = "1.18.0"
        },
        ["cmake#f56260b5"] = {
            repo = {
                branch = "master",
                commit = "75c3fcffb897a8aeb37863c495b9f58266216b26",
                url = "https://gitlab.com/tboox/xmake-repo.git"
            },
            version = "4.2.3"
        },
        ["expat#f56260b5"] = {
            repo = {
                branch = "master",
                commit = "75c3fcffb897a8aeb37863c495b9f58266216b26",
                url = "https://gitlab.com/tboox/xmake-repo.git"
            },
            version = "2.7.4"
        },
        ["fontconfig#f56260b5"] = {
            repo = {
                branch = "master",
                commit = "75c3fcffb897a8aeb37863c495b9f58266216b26",
                url = "https://gitlab.com/tboox/xmake-repo.git"
            },
            version = "2.17.1"
        },
        ["freetype#f56260b5"] = {
            repo = {
                branch = "master",
                commit = "75c3fcffb897a8aeb37863c495b9f58266216b26",
                url = "https://gitlab.com/tboox/xmake-repo.git"
            },
            version = "2.14.1"
        },
        ["gperf#f56260b5"] = {
            repo = {
                branch = "master",
                commit = "75c3fcffb897a8aeb37863c495b9f58266216b26",
                url = "https://gitlab.com/tboox/xmake-repo.git"
            },
            version = "3.2.1"
        },
        ["libffi#0b3b0fcf"] = {
            repo = {
                branch = "master",
                commit = "75c3fcffb897a8aeb37863c495b9f58266216b26",
                url = "https://gitlab.com/tboox/xmake-repo.git"
            },
            version = "3.4.8"
        },
        ["libpng#f56260b5"] = {
            repo = {
                branch = "master",
                commit = "75c3fcffb897a8aeb37863c495b9f58266216b26",
                url = "https://gitlab.com/tboox/xmake-repo.git"
            },
            version = "v1.6.55"
        },
        ["libpthread-stubs#f56260b5"] = {
            repo = {
                branch = "master",
                commit = "75c3fcffb897a8aeb37863c495b9f58266216b26",
                url = "https://gitlab.com/tboox/xmake-repo.git"
            },
            version = "0.5"
        },
        ["libx11#f56260b5"] = {
            repo = {
                branch = "master",
                commit = "75c3fcffb897a8aeb37863c495b9f58266216b26",
                url = "https://gitlab.com/tboox/xmake-repo.git"
            },
            version = "1.8.13"
        },
        ["libxau#16fb575b"] = {
            repo = {
                branch = "master",
                commit = "75c3fcffb897a8aeb37863c495b9f58266216b26",
                url = "https://gitlab.com/tboox/xmake-repo.git"
            },
            version = "1.0.12"
        },
        ["libxcb#16fb575b"] = {
            repo = {
                branch = "master",
                commit = "75c3fcffb897a8aeb37863c495b9f58266216b26",
                url = "https://gitlab.com/tboox/xmake-repo.git"
            },
            version = "1.17.0"
        },
        ["libxdmcp#16fb575b"] = {
            repo = {
                branch = "master",
                commit = "75c3fcffb897a8aeb37863c495b9f58266216b26",
                url = "https://gitlab.com/tboox/xmake-repo.git"
            },
            version = "1.1.5"
        },
        ["libxext#f56260b5"] = {
            repo = {
                branch = "master",
                commit = "75c3fcffb897a8aeb37863c495b9f58266216b26",
                url = "https://gitlab.com/tboox/xmake-repo.git"
            },
            version = "1.3.7"
        },
        ["libxrender#f56260b5"] = {
            repo = {
                branch = "master",
                commit = "75c3fcffb897a8aeb37863c495b9f58266216b26",
                url = "https://gitlab.com/tboox/xmake-repo.git"
            },
            version = "0.9.12"
        },
        ["meson#f56260b5"] = {
            repo = {
                branch = "master",
                commit = "75c3fcffb897a8aeb37863c495b9f58266216b26",
                url = "https://gitlab.com/tboox/xmake-repo.git"
            },
            version = "1.10.2"
        },
        ["ninja#f56260b5"] = {
            repo = {
                branch = "master",
                commit = "75c3fcffb897a8aeb37863c495b9f58266216b26",
                url = "https://gitlab.com/tboox/xmake-repo.git"
            },
            version = "v1.13.1"
        },
        ["openssl >=1.1.1-a#f56260b5"] = {
            repo = {
                branch = "master",
                commit = "75c3fcffb897a8aeb37863c495b9f58266216b26",
                url = "https://gitlab.com/tboox/xmake-repo.git"
            },
            version = "1.1.1-w"
        },
        ["pixman#f56260b5"] = {
            repo = {
                branch = "master",
                commit = "75c3fcffb897a8aeb37863c495b9f58266216b26",
                url = "https://gitlab.com/tboox/xmake-repo.git"
            },
            version = "0.46.2"
        },
        ["pkg-config#f56260b5"] = {
            repo = {
                branch = "master",
                commit = "75c3fcffb897a8aeb37863c495b9f58266216b26",
                url = "https://gitlab.com/tboox/xmake-repo.git"
            },
            version = "0.29.2"
        },
        ["python 3.x#f56260b5"] = {
            repo = {
                branch = "master",
                commit = "75c3fcffb897a8aeb37863c495b9f58266216b26",
                url = "https://gitlab.com/tboox/xmake-repo.git"
            },
            version = "3.13.11"
        },
        ["util-macros#f56260b5"] = {
            repo = {
                branch = "master",
                commit = "75c3fcffb897a8aeb37863c495b9f58266216b26",
                url = "https://gitlab.com/tboox/xmake-repo.git"
            },
            version = "1.20.0"
        },
        ["xcb-proto#f56260b5"] = {
            repo = {
                branch = "master",
                commit = "75c3fcffb897a8aeb37863c495b9f58266216b26",
                url = "https://gitlab.com/tboox/xmake-repo.git"
            },
            version = "1.17.0"
        },
        ["xorgproto#f56260b5"] = {
            repo = {
                branch = "master",
                commit = "75c3fcffb897a8aeb37863c495b9f58266216b26",
                url = "https://gitlab.com/tboox/xmake-repo.git"
            },
            version = "2023.2"
        },
        ["xtrans#f56260b5"] = {
            repo = {
                branch = "master",
                commit = "75c3fcffb897a8aeb37863c495b9f58266216b26",
                url = "https://gitlab.com/tboox/xmake-repo.git"
            },
            version = "1.6.0"
        },
        ["zlib#0b3b0fcf"] = {
            repo = {
                branch = "master",
                commit = "75c3fcffb897a8aeb37863c495b9f58266216b26",
                url = "https://gitlab.com/tboox/xmake-repo.git"
            },
            version = "v1.3.2"
        },
        ["zlib#f56260b5"] = {
            repo = {
                branch = "master",
                commit = "75c3fcffb897a8aeb37863c495b9f58266216b26",
                url = "https://gitlab.com/tboox/xmake-repo.git"
            },
            version = "v1.3.2"
        }
    },
    __meta__ = {
        version = "1.0"
    },
    ["windows|x64"] = {
        ["cairo#31fecfc4"] = {
            repo = {
                branch = "master",
                commit = "c406b5487b71cbbdd7487b432e2d962409663cbe",
                url = "https://gitee.com/tboox/xmake-repo.git"
            },
            version = "1.18.0"
        },
        ["cmake#31fecfc4"] = {
            repo = {
                branch = "master",
                commit = "c406b5487b71cbbdd7487b432e2d962409663cbe",
                url = "https://gitee.com/tboox/xmake-repo.git"
            },
            version = "3.30.5-msvc23"
        },
        ["expat#31fecfc4"] = {
            repo = {
                branch = "master",
                commit = "c406b5487b71cbbdd7487b432e2d962409663cbe",
                url = "https://gitee.com/tboox/xmake-repo.git"
            },
            version = "2.7.1"
        },
        ["fontconfig#31fecfc4"] = {
            repo = {
                branch = "master",
                commit = "c406b5487b71cbbdd7487b432e2d962409663cbe",
                url = "https://gitee.com/tboox/xmake-repo.git"
            },
            version = "2.14.2"
        },
        ["freetype#31fecfc4"] = {
            repo = {
                branch = "master",
                commit = "c406b5487b71cbbdd7487b432e2d962409663cbe",
                url = "https://gitee.com/tboox/xmake-repo.git"
            },
            version = "2.13.3"
        },
        ["gperf#31fecfc4"] = {
            repo = {
                branch = "master",
                commit = "c406b5487b71cbbdd7487b432e2d962409663cbe",
                url = "https://gitee.com/tboox/xmake-repo.git"
            },
            version = "3.2.1"
        },
        ["lcui#31fecfc4"] = {
            repo = {
                url = "../build/packages"
            },
            version = "latest"
        },
        ["libcss#31fecfc4"] = {
            repo = {
                url = "../build/packages"
            },
            version = "latest"
        },
        ["libi18n#31fecfc4"] = {
            repo = {
                url = "../build/packages"
            },
            version = "latest"
        },
        ["libintl#31fecfc4"] = {
            repo = {
                branch = "master",
                commit = "c406b5487b71cbbdd7487b432e2d962409663cbe",
                url = "https://gitee.com/tboox/xmake-repo.git"
            },
            version = "0.22.3"
        },
        ["libjpeg#31fecfc4"] = {
            repo = {
                branch = "master",
                commit = "c406b5487b71cbbdd7487b432e2d962409663cbe",
                url = "https://gitee.com/tboox/xmake-repo.git"
            },
            version = "v9f"
        },
        ["libomp#31fecfc4"] = {
            repo = {
                branch = "master",
                commit = "c406b5487b71cbbdd7487b432e2d962409663cbe",
                url = "https://gitee.com/tboox/xmake-repo.git"
            },
            version = "19.1.0"
        },
        ["libplatform#31fecfc4"] = {
            repo = {
                url = "../build/packages"
            },
            version = "latest"
        },
        ["libpng#31fecfc4"] = {
            repo = {
                branch = "master",
                commit = "c406b5487b71cbbdd7487b432e2d962409663cbe",
                url = "https://gitee.com/tboox/xmake-repo.git"
            },
            version = "v1.6.50"
        },
        ["libthread#31fecfc4"] = {
            repo = {
                url = "../build/packages"
            },
            version = "latest"
        },
        ["libtimer#31fecfc4"] = {
            repo = {
                url = "../build/packages"
            },
            version = "latest"
        },
        ["libui#31fecfc4"] = {
            repo = {
                url = "../build/packages"
            },
            version = "latest"
        },
        ["libui-cursor#31fecfc4"] = {
            repo = {
                url = "../build/packages"
            },
            version = "latest"
        },
        ["libui-router#31fecfc4"] = {
            repo = {
                url = "../build/packages"
            },
            version = "latest"
        },
        ["libui-server#31fecfc4"] = {
            repo = {
                url = "../build/packages"
            },
            version = "latest"
        },
        ["libui-widgets#31fecfc4"] = {
            repo = {
                url = "../build/packages"
            },
            version = "latest"
        },
        ["libui-xml#31fecfc4"] = {
            repo = {
                url = "../build/packages"
            },
            version = "latest"
        },
        ["libworker#31fecfc4"] = {
            repo = {
                url = "../build/packages"
            },
            version = "latest"
        },
        ["libxml2#31fecfc4"] = {
            repo = {
                branch = "master",
                commit = "c406b5487b71cbbdd7487b432e2d962409663cbe",
                url = "https://gitee.com/tboox/xmake-repo.git"
            },
            version = "v2.14.3"
        },
        ["libyaml#31fecfc4"] = {
            repo = {
                branch = "master",
                commit = "c406b5487b71cbbdd7487b432e2d962409663cbe",
                url = "https://gitee.com/tboox/xmake-repo.git"
            },
            version = "0.2.5"
        },
        ["meson#31fecfc4"] = {
            repo = {
                branch = "master",
                commit = "c406b5487b71cbbdd7487b432e2d962409663cbe",
                url = "https://gitee.com/tboox/xmake-repo.git"
            },
            version = "1.8.3"
        },
        ["ninja#31fecfc4"] = {
            repo = {
                branch = "master",
                commit = "c406b5487b71cbbdd7487b432e2d962409663cbe",
                url = "https://gitee.com/tboox/xmake-repo.git"
            },
            version = "1.12.1"
        },
        ["pandagl#31fecfc4"] = {
            repo = {
                url = "../build/packages"
            },
            version = "latest"
        },
        ["pixman#31fecfc4"] = {
            repo = {
                branch = "master",
                commit = "c406b5487b71cbbdd7487b432e2d962409663cbe",
                url = "https://gitee.com/tboox/xmake-repo.git"
            },
            version = "0.46.2"
        },
        ["pkgconf#31fecfc4"] = {
            repo = {
                branch = "master",
                commit = "c406b5487b71cbbdd7487b432e2d962409663cbe",
                url = "https://gitee.com/tboox/xmake-repo.git"
            },
            version = "2.5.1"
        },
        ["python 3.x#31fecfc4"] = {
            repo = {
                branch = "master",
                commit = "c406b5487b71cbbdd7487b432e2d962409663cbe",
                url = "https://gitee.com/tboox/xmake-repo.git"
            },
            version = "3.13.2"
        },
        ["yutil#31fecfc4"] = {
            repo = {
                url = "../build/packages"
            },
            version = "latest"
        },
        ["zlib#31fecfc4"] = {
            repo = {
                branch = "master",
                commit = "c406b5487b71cbbdd7487b432e2d962409663cbe",
                url = "https://gitee.com/tboox/xmake-repo.git"
            },
            version = "v1.3.1"
        }
    }
}